SITE
  remote: http://community.opscode.com/api/v1
  specs:
    build-essential (1.4.4)
    ruby_build (0.8.0)

GIT
  remote: https://github.com/fnichol/chef-rbenv
  ref: c921ab6
  sha: c921ab6593dba5384a1884168230edd44a5102e6
  specs:
    rbenv (0.7.1)

DEPENDENCIES
  build-essential (~> 1.4.4)
  rbenv (>= 0)
  ruby_build (>= 0)

