SITE
  remote: http://community.opscode.com/api/v1
  specs:
    build-essential (1.4.4)
    ruby_build (0.8.0)

GIT
  remote: https://github.com/fnichol/chef-rbenv
  ref: master
  sha: 0a3018634bafe58ad21c6ee271af015220e444b9
  specs:
    rbenv (0.7.3)

DEPENDENCIES
  build-essential (~> 1.4.4)
  rbenv (>= 0)
  ruby_build (>= 0)

